
Microsoft Visual Studio Solution File, Format Version 12.00
# Visual Studio Version 17
VisualStudioVersion = 17.7.34024.191
MinimumVisualStudioVersion = 10.0.40219.1
Project("{FAE04EC0-301F-11D3-BF4B-00C04F79EFBC}") = "PD3LocresTool", "PD3LocresTool\PD3LocresTool.csproj", "{D4CE2CFC-D206-47E3-92B3-4D309B4D7B6A}"
EndProject
Global
	GlobalSection(SolutionConfigurationPlatforms) = preSolution
		Debug|Any CPU = Debug|Any CPU
		Release|Any CPU = Release|Any CPU
	EndGlobalSection
	GlobalSection(ProjectConfigurationPlatforms) = postSolution
		{D4CE2CFC-D206-47E3-92B3-4D309B4D7B6A}.Debug|Any CPU.ActiveCfg = Debug|Any CPU
		{D4CE2CFC-D206-47E3-92B3-4D309B4D7B6A}.Debug|Any CPU.Build.0 = Debug|Any CPU
		{D4CE2CFC-D206-47E3-92B3-4D309B4D7B6A}.Release|Any CPU.ActiveCfg = Release|Any CPU
		{D4CE2CFC-D206-47E3-92B3-4D309B4D7B6A}.Release|Any CPU.Build.0 = Release|Any CPU
	EndGlobalSection
	GlobalSection(SolutionProperties) = preSolution
		HideSolutionNode = FALSE
	EndGlobalSection
	GlobalSection(ExtensibilityGlobals) = postSolution
		SolutionGuid = {99698A51-520D-464F-8ADF-675D6E4E239F}
	EndGlobalSection
EndGlobal
